
Microsoft Visual Studio Solution File, Format Version 12.00
# Visual Studio 14
VisualStudioVersion = 14.0.25420.1
MinimumVisualStudioVersion = 10.0.40219.1
Project("{FAE04EC0-301F-11D3-BF4B-00C04F79EFBC}") = "FreiPost.Ultrasonics", "FreiPost.Ultrasonics\FreiPost.Ultrasonics.csproj", "{16BC9C31-EF48-4514-88F0-9C320905D67E}"
EndProject
Project("{FAE04EC0-301F-11D3-BF4B-00C04F79EFBC}") = "HU320_LIB", "openavrusb-library\HU320_LIB.csproj", "{2F63553D-81E3-48DF-A4DC-4CD81B8B2490}"
EndProject
Project("{FAE04EC0-301F-11D3-BF4B-00C04F79EFBC}") = "FreiPost.DemoUI", "FreiPost.Ultrasonics.DemoUI\FreiPost.DemoUI.csproj", "{E5CE1B5F-A43D-4026-A822-34AACB935321}"
EndProject
Project("{FAE04EC0-301F-11D3-BF4B-00C04F79EFBC}") = "FreiPost.Ultrasonics.Testapp", "FreiPost.Ultrasonics.Testapp\FreiPost.Ultrasonics.Testapp.csproj", "{D301012B-0EB7-4059-BD1B-583652676C4D}"
EndProject
Project("{FAE04EC0-301F-11D3-BF4B-00C04F79EFBC}") = "Freipost.HAL", "Freipost.HAL\Freipost.HAL.csproj", "{D85EDB86-201D-416F-B89E-921E4E2C4414}"
EndProject
Project("{FAE04EC0-301F-11D3-BF4B-00C04F79EFBC}") = "FreiPost.SharpIR", "FreiPost.SharpIR\FreiPost.SharpIR.csproj", "{8C23B969-CBD3-4F0A-9C43-A454DA60B4A9}"
EndProject
Project("{FAE04EC0-301F-11D3-BF4B-00C04F79EFBC}") = "FreiPost.TofArduino", "FreiPost.TofArduino\FreiPost.TofArduino.csproj", "{141E2084-6177-4D5E-83E7-FD7EC46E9A8A}"
EndProject
Global
	GlobalSection(SolutionConfigurationPlatforms) = preSolution
		Debug|Any CPU = Debug|Any CPU
		Release|Any CPU = Release|Any CPU
	EndGlobalSection
	GlobalSection(ProjectConfigurationPlatforms) = postSolution
		{16BC9C31-EF48-4514-88F0-9C320905D67E}.Debug|Any CPU.ActiveCfg = Debug|Any CPU
		{16BC9C31-EF48-4514-88F0-9C320905D67E}.Debug|Any CPU.Build.0 = Debug|Any CPU
		{16BC9C31-EF48-4514-88F0-9C320905D67E}.Release|Any CPU.ActiveCfg = Release|Any CPU
		{16BC9C31-EF48-4514-88F0-9C320905D67E}.Release|Any CPU.Build.0 = Release|Any CPU
		{2F63553D-81E3-48DF-A4DC-4CD81B8B2490}.Debug|Any CPU.ActiveCfg = Debug|Any CPU
		{2F63553D-81E3-48DF-A4DC-4CD81B8B2490}.Debug|Any CPU.Build.0 = Debug|Any CPU
		{2F63553D-81E3-48DF-A4DC-4CD81B8B2490}.Release|Any CPU.ActiveCfg = Release|Any CPU
		{2F63553D-81E3-48DF-A4DC-4CD81B8B2490}.Release|Any CPU.Build.0 = Release|Any CPU
		{E5CE1B5F-A43D-4026-A822-34AACB935321}.Debug|Any CPU.ActiveCfg = Debug|Any CPU
		{E5CE1B5F-A43D-4026-A822-34AACB935321}.Debug|Any CPU.Build.0 = Debug|Any CPU
		{E5CE1B5F-A43D-4026-A822-34AACB935321}.Release|Any CPU.ActiveCfg = Release|Any CPU
		{E5CE1B5F-A43D-4026-A822-34AACB935321}.Release|Any CPU.Build.0 = Release|Any CPU
		{D301012B-0EB7-4059-BD1B-583652676C4D}.Debug|Any CPU.ActiveCfg = Debug|Any CPU
		{D301012B-0EB7-4059-BD1B-583652676C4D}.Debug|Any CPU.Build.0 = Debug|Any CPU
		{D301012B-0EB7-4059-BD1B-583652676C4D}.Release|Any CPU.ActiveCfg = Release|Any CPU
		{D301012B-0EB7-4059-BD1B-583652676C4D}.Release|Any CPU.Build.0 = Release|Any CPU
		{D85EDB86-201D-416F-B89E-921E4E2C4414}.Debug|Any CPU.ActiveCfg = Debug|Any CPU
		{D85EDB86-201D-416F-B89E-921E4E2C4414}.Debug|Any CPU.Build.0 = Debug|Any CPU
		{D85EDB86-201D-416F-B89E-921E4E2C4414}.Release|Any CPU.ActiveCfg = Release|Any CPU
		{D85EDB86-201D-416F-B89E-921E4E2C4414}.Release|Any CPU.Build.0 = Release|Any CPU
		{8C23B969-CBD3-4F0A-9C43-A454DA60B4A9}.Debug|Any CPU.ActiveCfg = Debug|Any CPU
		{8C23B969-CBD3-4F0A-9C43-A454DA60B4A9}.Debug|Any CPU.Build.0 = Debug|Any CPU
		{8C23B969-CBD3-4F0A-9C43-A454DA60B4A9}.Release|Any CPU.ActiveCfg = Release|Any CPU
		{8C23B969-CBD3-4F0A-9C43-A454DA60B4A9}.Release|Any CPU.Build.0 = Release|Any CPU
		{141E2084-6177-4D5E-83E7-FD7EC46E9A8A}.Debug|Any CPU.ActiveCfg = Debug|Any CPU
		{141E2084-6177-4D5E-83E7-FD7EC46E9A8A}.Debug|Any CPU.Build.0 = Debug|Any CPU
		{141E2084-6177-4D5E-83E7-FD7EC46E9A8A}.Release|Any CPU.ActiveCfg = Release|Any CPU
		{141E2084-6177-4D5E-83E7-FD7EC46E9A8A}.Release|Any CPU.Build.0 = Release|Any CPU
	EndGlobalSection
	GlobalSection(SolutionProperties) = preSolution
		HideSolutionNode = FALSE
	EndGlobalSection
EndGlobal
